Microsoft Visual Studio Solution File, Format Version 12.00
# Visual Studio Version 17
VisualStudioVersion = 17.5.2.0
MinimumVisualStudioVersion = 10.0.40219.1
Project("{FAE04EC0-301F-11D3-BF4B-00C04F79EFBC}") = "ppm-shader-animation", "ppm-shader-animation.csproj", "{EFB5C7B4-FFB7-8ED1-396D-82D5BF5BD2C5}"
EndProject
Global
	GlobalSection(SolutionConfigurationPlatforms) = preSolution
		Debug|Any CPU = Debug|Any CPU
		Release|Any CPU = Release|Any CPU
	EndGlobalSection
	GlobalSection(ProjectConfigurationPlatforms) = postSolution
		{EFB5C7B4-FFB7-8ED1-396D-82D5BF5BD2C5}.Debug|Any CPU.ActiveCfg = Debug|Any CPU
		{EFB5C7B4-FFB7-8ED1-396D-82D5BF5BD2C5}.Debug|Any CPU.Build.0 = Debug|Any CPU
		{EFB5C7B4-FFB7-8ED1-396D-82D5BF5BD2C5}.Release|Any CPU.ActiveCfg = Release|Any CPU
		{EFB5C7B4-FFB7-8ED1-396D-82D5BF5BD2C5}.Release|Any CPU.Build.0 = Release|Any CPU
	EndGlobalSection
	GlobalSection(SolutionProperties) = preSolution
		HideSolutionNode = FALSE
	EndGlobalSection
	GlobalSection(ExtensibilityGlobals) = postSolution
		SolutionGuid = {9A6CF695-BD5D-49B3-9D3C-B9780D89379B}
	EndGlobalSection
EndGlobal
